# THIS IS AN AUTOGENERATED FILE. DO NOT EDIT THIS FILE DIRECTLY.
# yarn lockfile v1


pyright@^1.1.110:
  version "1.1.110"
  resolved "https://registry.npmjs.org/pyright/-/pyright-1.1.110.tgz#fc6d9312333b099d8c9e924be1cca2a6ff65142c"
  integrity sha512-zvGmwq98wRKdt7gggxkO9BfB1S5Azduefoh2IWzqsdr095ZQz0psH9wU0+VccGxLWbI4EGHNzKugw/0nLmTm2Q==
